// !$*UTF8*$!
{
	archiveVersion = 1;
	classes = {
	};
	objectVersion = 48;
	objects = {

/* Begin PBXBuildFile section */
		2EDB0C0E8A92CCD18FF93F0A /* Pods_chartTest.framework in Frameworks */ = {isa = PBXBuildFile; fileRef = 849F87E158AF4CDD7C73C809 /* Pods_chartTest.framework */; };
		C01AB64F1FBB007D004F9BFF /* AppDelegate.swift in Sources */ = {isa = PBXBuildFile; fileRef = C01AB64E1FBB007D004F9BFF /* AppDelegate.swift */; };
		C01AB6511FBB007D004F9BFF /* ViewController.swift in Sources */ = {isa = PBXBuildFile; fileRef = C01AB6501FBB007D004F9BFF /* ViewController.swift */; };
		C01AB6541FBB007D004F9BFF /* Main.storyboard in Resources */ = {isa = PBXBuildFile; fileRef = C01AB6521FBB007D004F9BFF /* Main.storyboard */; };
		C01AB6561FBB007D004F9BFF /* Assets.xcassets in Resources */ = {isa = PBXBuildFile; fileRef = C01AB6551FBB007D004F9BFF /* Assets.xcassets */; };
		C01AB6591FBB007D004F9BFF /* LaunchScreen.storyboard in Resources */ = {isa = PBXBuildFile; fileRef = C01AB6571FBB007D004F9BFF /* LaunchScreen.storyboard */; };
/* End PBXBuildFile section */

/* Begin PBXFileReference section */
		247704DA4FA65DF995DE2921 /* Pods-chartTest.release.xcconfig */ = {isa = PBXFileReference; includeInIndex = 1; lastKnownFileType = text.xcconfig; name = "Pods-chartTest.release.xcconfig"; path = "Pods/Target Support Files/Pods-chartTest/Pods-chartTest.release.xcconfig"; sourceTree = "<group>"; };
		7B58238480ACC6D7F6EBB89B /* Pods-chartTest.debug.xcconfig */ = {isa = PBXFileReference; includeInIndex = 1; lastKnownFileType = text.xcconfig; name = "Pods-chartTest.debug.xcconfig"; path = "Pods/Target Support Files/Pods-chartTest/Pods-chartTest.debug.xcconfig"; sourceTree = "<group>"; };
		849F87E158AF4CDD7C73C809 /* Pods_chartTest.framework */ = {isa = PBXFileReference; explicitFileType = wrapper.framework; includeInIndex = 0; path = Pods_chartTest.framework; sourceTree = BUILT_PRODUCTS_DIR; };
		C01AB64B1FBB007D004F9BFF /* chartTest.app */ = {isa = PBXFileReference; explicitFileType = wrapper.application; includeInIndex = 0; path = chartTest.app; sourceTree = BUILT_PRODUCTS_DIR; };
		C01AB64E1FBB007D004F9BFF /* AppDelegate.swift */ = {isa = PBXFileReference; lastKnownFileType = sourcecode.swift; path = AppDelegate.swift; sourceTree = "<group>"; };
		C01AB6501FBB007D004F9BFF /* ViewController.swift */ = {isa = PBXFileReference; lastKnownFileType = sourcecode.swift; path = ViewController.swift; sourceTree = "<group>"; };
		C01AB6531FBB007D004F9BFF /* Base */ = {isa = PBXFileReference; lastKnownFileType = file.storyboard; name = Base; path = Base.lproj/Main.storyboard; sourceTree = "<group>"; };
		C01AB6551FBB007D004F9BFF /* Assets.xcassets */ = {isa = PBXFileReference; lastKnownFileType = folder.assetcatalog; path = Assets.xcassets; sourceTree = "<group>"; };
		C01AB6581FBB007D004F9BFF /* Base */ = {isa = PBXFileReference; lastKnownFileType = file.storyboard; name = Base; path = Base.lproj/LaunchScreen.storyboard; sourceTree = "<group>"; };
		C01AB65A1FBB007D004F9BFF /* Info.plist */ = {isa = PBXFileReference; lastKnownFileType = text.plist.xml; path = Info.plist; sourceTree = "<group>"; };
/* End PBXFileReference section */

/* Begin PBXFrameworksBuildPhase section */
		C01AB6481FBB007D004F9BFF /* Frameworks */ = {
			isa = PBXFrameworksBuildPhase;
			buildActionMask = 2147483647;
			files = (
				2EDB0C0E8A92CCD18FF93F0A /* Pods_chartTest.framework in Frameworks */,
			);
			runOnlyForDeploymentPostprocessing = 0;
		};
/* End PBXFrameworksBuildPhase section */

/* Begin PBXGroup section */
		36D55E50D608AF9B3E53FCC7 /* Frameworks */ = {
			isa = PBXGroup;
			children = (
				849F87E158AF4CDD7C73C809 /* Pods_chartTest.framework */,
			);
			name = Frameworks;
			sourceTree = "<group>";
		};
		A568542F0394E2C54EBE7566 /* Pods */ = {
			isa = PBXGroup;
			children = (
				7B58238480ACC6D7F6EBB89B /* Pods-chartTest.debug.xcconfig */,
				247704DA4FA65DF995DE2921 /* Pods-chartTest.release.xcconfig */,
			);
			name = Pods;
			sourceTree = "<group>";
		};
		C01AB6421FBB007D004F9BFF = {
			isa = PBXGroup;
			children = (
				C01AB64D1FBB007D004F9BFF /* chartTest */,
				C01AB64C1FBB007D004F9BFF /* Products */,
				A568542F0394E2C54EBE7566 /* Pods */,
				36D55E50D608AF9B3E53FCC7 /* Frameworks */,
			);
			sourceTree = "<group>";
		};
		C01AB64C1FBB007D004F9BFF /* Products */ = {
			isa = PBXGroup;
			children = (
				C01AB64B1FBB007D004F9BFF /* chartTest.app */,
			);
			name = Products;
			sourceTree = "<group>";
		};
		C01AB64D1FBB007D004F9BFF /* chartTest */ = {
			isa = PBXGroup;
			children = (
				C01AB64E1FBB007D004F9BFF /* AppDelegate.swift */,
				C01AB6501FBB007D004F9BFF /* ViewController.swift */,
				C01AB6521FBB007D004F9BFF /* Main.storyboard */,
				C01AB6551FBB007D004F9BFF /* Assets.xcassets */,
				C01AB6571FBB007D004F9BFF /* LaunchScreen.storyboard */,
				C01AB65A1FBB007D004F9BFF /* Info.plist */,
			);
			path = chartTest;
			sourceTree = "<group>";
		};
/* End PBXGroup section */

/* Begin PBXNativeTarget section */
		C01AB64A1FBB007D004F9BFF /* chartTest */ = {
			isa = PBXNativeTarget;
			buildConfigurationList = C01AB65D1FBB007D004F9BFF /* Build configuration list for PBXNativeTarget "chartTest" */;
			buildPhases = (
				170E3965F2E30F6E70A09D85 /* [CP] Check Pods Manifest.lock */,
				C01AB6471FBB007D004F9BFF /* Sources */,
				C01AB6481FBB007D004F9BFF /* Frameworks */,
				C01AB6491FBB007D004F9BFF /* Resources */,
				E3F70689F587E0669C0835F4 /* [CP] Embed Pods Frameworks */,
				79B14E5DFB94E98A4929427E /* [CP] Copy Pods Resources */,
			);
			buildRules = (
			);
			dependencies = (
			);
			name = chartTest;
			productName = chartTest;
			productReference = C01AB64B1FBB007D004F9BFF /* chartTest.app */;
			productType = "com.apple.product-type.application";
		};
/* End PBXNativeTarget section */

/* Begin PBXProject section */
		C01AB6431FBB007D004F9BFF /* Project object */ = {
			isa = PBXProject;
			attributes = {
				LastSwiftUpdateCheck = 0900;
				LastUpgradeCheck = 0900;
				ORGANIZATIONNAME = Ilkay;
				TargetAttributes = {
					C01AB64A1FBB007D004F9BFF = {
						CreatedOnToolsVersion = 9.0;
						ProvisioningStyle = Automatic;
					};
				};
			};
			buildConfigurationList = C01AB6461FBB007D004F9BFF /* Build configuration list for PBXProject "chartTest" */;
			compatibilityVersion = "Xcode 8.0";
			developmentRegion = en;
			hasScannedForEncodings = 0;
			knownRegions = (
				en,
				Base,
			);
			mainGroup = C01AB6421FBB007D004F9BFF;
			productRefGroup = C01AB64C1FBB007D004F9BFF /* Products */;
			projectDirPath = "";
			projectRoot = "";
			targets = (
				C01AB64A1FBB007D004F9BFF /* chartTest */,
			);
		};
/* End PBXProject section */

/* Begin PBXResourcesBuildPhase section */
		C01AB6491FBB007D004F9BFF /* Resources */ = {
			isa = PBXResourcesBuildPhase;
			buildActionMask = 2147483647;
			files = (
				C01AB6591FBB007D004F9BFF /* LaunchScreen.storyboard in Resources */,
				C01AB6561FBB007D004F9BFF /* Assets.xcassets in Resources */,
				C01AB6541FBB007D004F9BFF /* Main.storyboard in Resources */,
			);
			runOnlyForDeploymentPostprocessing = 0;
		};
/* End PBXResourcesBuildPhase section */

/* Begin PBXShellScriptBuildPhase section */
		170E3965F2E30F6E70A09D85 /* [CP] Check Pods Manifest.lock */ = {
			isa = PBXShellScriptBuildPhase;
			buildActionMask = 2147483647;
			files = (
			);
			inputPaths = (
				"${PODS_PODFILE_DIR_PATH}/Podfile.lock",
				"${PODS_ROOT}/Manifest.lock",
			);
			name = "[CP] Check Pods Manifest.lock";
			outputPaths = (
				"$(DERIVED_FILE_DIR)/Pods-chartTest-checkManifestLockResult.txt",
			);
			runOnlyForDeploymentPostprocessing = 0;
			shellPath = /bin/sh;
			shellScript = "diff \"${PODS_PODFILE_DIR_PATH}/Podfile.lock\" \"${PODS_ROOT}/Manifest.lock\" > /dev/null\nif [ $? != 0 ] ; then\n    # print error to STDERR\n    echo \"error: The sandbox is not in sync with the Podfile.lock. Run 'pod install' or update your CocoaPods installation.\" >&2\n    exit 1\nfi\n# This output is used by Xcode 'outputs' to avoid re-running this script phase.\necho \"SUCCESS\" > \"${SCRIPT_OUTPUT_FILE_0}\"\n";
			showEnvVarsInLog = 0;
		};
		79B14E5DFB94E98A4929427E /* [CP] Copy Pods Resources */ = {
			isa = PBXShellScriptBuildPhase;
			buildActionMask = 2147483647;
			files = (
			);
			inputPaths = (
			);
			name = "[CP] Copy Pods Resources";
			outputPaths = (
			);
			runOnlyForDeploymentPostprocessing = 0;
			shellPath = /bin/sh;
			shellScript = "\"${SRCROOT}/Pods/Target Support Files/Pods-chartTest/Pods-chartTest-resources.sh\"\n";
			showEnvVarsInLog = 0;
		};
		E3F70689F587E0669C0835F4 /* [CP] Embed Pods Frameworks */ = {
			isa = PBXShellScriptBuildPhase;
			buildActionMask = 2147483647;
			files = (
			);
			inputPaths = (
				"${SRCROOT}/Pods/Target Support Files/Pods-chartTest/Pods-chartTest-frameworks.sh",
				"${BUILT_PRODUCTS_DIR}/Charts/Charts.framework",
			);
			name = "[CP] Embed Pods Frameworks";
			outputPaths = (
				"${TARGET_BUILD_DIR}/${FRAMEWORKS_FOLDER_PATH}/Charts.framework",
			);
			runOnlyForDeploymentPostprocessing = 0;
			shellPath = /bin/sh;
			shellScript = "\"${SRCROOT}/Pods/Target Support Files/Pods-chartTest/Pods-chartTest-frameworks.sh\"\n";
			showEnvVarsInLog = 0;
		};
/* End PBXShellScriptBuildPhase section */

/* Begin PBXSourcesBuildPhase section */
		C01AB6471FBB007D004F9BFF /* Sources */ = {
			isa = PBXSourcesBuildPhase;
			buildActionMask = 2147483647;
			files = (
				C01AB6511FBB007D004F9BFF /* ViewController.swift in Sources */,
				C01AB64F1FBB007D004F9BFF /* AppDelegate.swift in Sources */,
			);
			runOnlyForDeploymentPostprocessing = 0;
		};
/* End PBXSourcesBuildPhase section */

/* Begin PBXVariantGroup section */
		C01AB6521FBB007D004F9BFF /* Main.storyboard */ = {
			isa = PBXVariantGroup;
			children = (
				C01AB6531FBB007D004F9BFF /* Base */,
			);
			name = Main.storyboard;
			sourceTree = "<group>";
		};
		C01AB6571FBB007D004F9BFF /* LaunchScreen.storyboard */ = {
			isa = PBXVariantGroup;
			children = (
				C01AB6581FBB007D004F9BFF /* Base */,
			);
			name = LaunchScreen.storyboard;
			sourceTree = "<group>";
		};
/* End PBXVariantGroup section */

/* Begin XCBuildConfiguration section */
		C01AB65B1FBB007D004F9BFF /* Debug */ = {
			isa = XCBuildConfiguration;
			buildSettings = {
				ALWAYS_SEARCH_USER_PATHS = NO;
				CLANG_ANALYZER_NONNULL = YES;
				CLANG_ANALYZER_NUMBER_OBJECT_CONVERSION = YES_AGGRESSIVE;
				CLANG_CXX_LANGUAGE_STANDARD = "gnu++14";
				CLANG_CXX_LIBRARY = "libc++";
				CLANG_ENABLE_MODULES = YES;
				CLANG_ENABLE_OBJC_ARC = YES;
				CLANG_WARN_BLOCK_CAPTURE_AUTORELEASING = YES;
				CLANG_WARN_BOOL_CONVERSION = YES;
				CLANG_WARN_COMMA = YES;
				CLANG_WARN_CONSTANT_CONVERSION = YES;
				CLANG_WARN_DIRECT_OBJC_ISA_USAGE = YES_ERROR;
				CLANG_WARN_DOCUMENTATION_COMMENTS = YES;
				CLANG_WARN_EMPTY_BODY = YES;
				CLANG_WARN_ENUM_CONVERSION = YES;
				CLANG_WARN_INFINITE_RECURSION = YES;
				CLANG_WARN_INT_CONVERSION = YES;
				CLANG_WARN_NON_LITERAL_NULL_CONVERSION = YES;
				CLANG_WARN_OBJC_LITERAL_CONVERSION = YES;
				CLANG_WARN_OBJC_ROOT_CLASS = YES_ERROR;
				CLANG_WARN_RANGE_LOOP_ANALYSIS = YES;
				CLANG_WARN_STRICT_PROTOTYPES = YES;
				CLANG_WARN_SUSPICIOUS_MOVE = YES;
				CLANG_WARN_UNGUARDED_AVAILABILITY = YES_AGGRESSIVE;
				CLANG_WARN_UNREACHABLE_CODE = YES;
				CLANG_WARN__DUPLICATE_METHOD_MATCH = YES;
				CODE_SIGN_IDENTITY = "iPhone Developer";
				COPY_PHASE_STRIP = NO;
				DEBUG_INFORMATION_FORMAT = dwarf;
				ENABLE_STRICT_OBJC_MSGSEND = YES;
				ENABLE_TESTABILITY = YES;
				GCC_C_LANGUAGE_STANDARD = gnu11;
				GCC_DYNAMIC_NO_PIC = NO;
				GCC_NO_COMMON_BLOCKS = YES;
				GCC_OPTIMIZATION_LEVEL = 0;
				GCC_PREPROCESSOR_DEFINITIONS = (
					"DEBUG=1",
					"$(inherited)",
				);
				GCC_WARN_64_TO_32_BIT_CONVERSION = YES;
				GCC_WARN_ABOUT_RETURN_TYPE = YES_ERROR;
				GCC_WARN_UNDECLARED_SELECTOR = YES;
				GCC_WARN_UNINITIALIZED_AUTOS = YES_AGGRESSIVE;
				GCC_WARN_UNUSED_FUNCTION = YES;
				GCC_WARN_UNUSED_VARIABLE = YES;
				IPHONEOS_DEPLOYMENT_TARGET = 11.0;
				MTL_ENABLE_DEBUG_INFO = YES;
				ONLY_ACTIVE_ARCH = YES;
				SDKROOT = iphoneos;
				SWIFT_ACTIVE_COMPILATION_CONDITIONS = DEBUG;
				SWIFT_OPTIMIZATION_LEVEL = "-Onone";
			};
			name = Debug;
		};
		C01AB65C1FBB007D004F9BFF /* Release */ = {
			isa = XCBuildConfiguration;
			buildSettings = {
				ALWAYS_SEARCH_USER_PATHS = NO;
				CLANG_ANALYZER_NONNULL = YES;
				CLANG_ANALYZER_NUMBER_OBJECT_CONVERSION = YES_AGGRESSIVE;
				CLANG_CXX_LANGUAGE_STANDARD = "gnu++14";
				CLANG_CXX_LIBRARY = "libc++";
				CLANG_ENABLE_MODULES = YES;
				CLANG_ENABLE_OBJC_ARC = YES;
				CLANG_WARN_BLOCK_CAPTURE_AUTORELEASING = YES;
				CLANG_WARN_BOOL_CONVERSION = YES;
				CLANG_WARN_COMMA = YES;
				CLANG_WARN_CONSTANT_CONVERSION = YES;
				CLANG_WARN_DIRECT_OBJC_ISA_USAGE = YES_ERROR;
				CLANG_WARN_DOCUMENTATION_COMMENTS = YES;
				CLANG_WARN_EMPTY_BODY = YES;
				CLANG_WARN_ENUM_CONVERSION = YES;
				CLANG_WARN_INFINITE_RECURSION = YES;
				CLANG_WARN_INT_CONVERSION = YES;
				CLANG_WARN_NON_LITERAL_NULL_CONVERSION = YES;
				CLANG_WARN_OBJC_LITERAL_CONVERSION = YES;
				CLANG_WARN_OBJC_ROOT_CLASS = YES_ERROR;
				CLANG_WARN_RANGE_LOOP_ANALYSIS = YES;
				CLANG_WARN_STRICT_PROTOTYPES = YES;
				CLANG_WARN_SUSPICIOUS_MOVE = YES;
				CLANG_WARN_UNGUARDED_AVAILABILITY = YES_AGGRESSIVE;
				CLANG_WARN_UNREACHABLE_CODE = YES;
				CLANG_WARN__DUPLICATE_METHOD_MATCH = YES;
				CODE_SIGN_IDENTITY = "iPhone Developer";
				COPY_PHASE_STRIP = NO;
				DEBUG_INFORMATION_FORMAT = "dwarf-with-dsym";
				ENABLE_NS_ASSERTIONS = NO;
				ENABLE_STRICT_OBJC_MSGSEND = YES;
				GCC_C_LANGUAGE_STANDARD = gnu11;
				GCC_NO_COMMON_BLOCKS = YES;
				GCC_WARN_64_TO_32_BIT_CONVERSION = YES;
				GCC_WARN_ABOUT_RETURN_TYPE = YES_ERROR;
				GCC_WARN_UNDECLARED_SELECTOR = YES;
				GCC_WARN_UNINITIALIZED_AUTOS = YES_AGGRESSIVE;
				GCC_WARN_UNUSED_FUNCTION = YES;
				GCC_WARN_UNUSED_VARIABLE = YES;
				IPHONEOS_DEPLOYMENT_TARGET = 11.0;
				MTL_ENABLE_DEBUG_INFO = NO;
				SDKROOT = iphoneos;
				SWIFT_OPTIMIZATION_LEVEL = "-Owholemodule";
				VALIDATE_PRODUCT = YES;
			};
			name = Release;
		};
		C01AB65E1FBB007D004F9BFF /* Debug */ = {
			isa = XCBuildConfiguration;
			baseConfigurationReference = 7B58238480ACC6D7F6EBB89B /* Pods-chartTest.debug.xcconfig */;
			buildSettings = {
				ASSETCATALOG_COMPILER_APPICON_NAME = AppIcon;
				CODE_SIGN_STYLE = Automatic;
				INFOPLIST_FILE = chartTest/Info.plist;
				LD_RUNPATH_SEARCH_PATHS = "$(inherited) @executable_path/Frameworks";
				PRODUCT_BUNDLE_IDENTIFIER = ilkay.chartTest;
				PRODUCT_NAME = "$(TARGET_NAME)";
				SWIFT_VERSION = 4.0;
				TARGETED_DEVICE_FAMILY = "1,2";
			};
			name = Debug;
		};
		C01AB65F1FBB007D004F9BFF /* Release */ = {
			isa = XCBuildConfiguration;
			baseConfigurationReference = 247704DA4FA65DF995DE2921 /* Pods-chartTest.release.xcconfig */;
			buildSettings = {
				ASSETCATALOG_COMPILER_APPICON_NAME = AppIcon;
				CODE_SIGN_STYLE = Automatic;
				INFOPLIST_FILE = chartTest/Info.plist;
				LD_RUNPATH_SEARCH_PATHS = "$(inherited) @executable_path/Frameworks";
				PRODUCT_BUNDLE_IDENTIFIER = ilkay.chartTest;
				PRODUCT_NAME = "$(TARGET_NAME)";
				SWIFT_VERSION = 4.0;
				TARGETED_DEVICE_FAMILY = "1,2";
			};
			name = Release;
		};
/* End XCBuildConfiguration section */

/* Begin XCConfigurationList section */
		C01AB6461FBB007D004F9BFF /* Build configuration list for PBXProject "chartTest" */ = {
			isa = XCConfigurationList;
			buildConfigurations = (
				C01AB65B1FBB007D004F9BFF /* Debug */,
				C01AB65C1FBB007D004F9BFF /* Release */,
			);
			defaultConfigurationIsVisible = 0;
			defaultConfigurationName = Release;
		};
		C01AB65D1FBB007D004F9BFF /* Build configuration list for PBXNativeTarget "chartTest" */ = {
			isa = XCConfigurationList;
			buildConfigurations = (
				C01AB65E1FBB007D004F9BFF /* Debug */,
				C01AB65F1FBB007D004F9BFF /* Release */,
			);
			defaultConfigurationIsVisible = 0;
			defaultConfigurationName = Release;
		};
/* End XCConfigurationList section */
	};
	rootObject = C01AB6431FBB007D004F9BFF /* Project object */;
}
